
Microsoft Visual Studio Solution File, Format Version 12.00
# Visual Studio 15
VisualStudioVersion = 15.0.28010.2026
MinimumVisualStudioVersion = 10.0.40219.1
Project("{9A19103F-16F7-4668-BE54-9A1E7A4F7556}") = "ArtGallery", "ArtGallery\ArtGallery.csproj", "{C0C3E9C7-0860-4F2F-830A-D5A0410F5786}"
EndProject
Global
	GlobalSection(SolutionConfigurationPlatforms) = preSolution
		Debug|Any CPU = Debug|Any CPU
		Release|Any CPU = Release|Any CPU
	EndGlobalSection
	GlobalSection(ProjectConfigurationPlatforms) = postSolution
		{C0C3E9C7-0860-4F2F-830A-D5A0410F5786}.Debug|Any CPU.ActiveCfg = Debug|Any CPU
		{C0C3E9C7-0860-4F2F-830A-D5A0410F5786}.Debug|Any CPU.Build.0 = Debug|Any CPU
		{C0C3E9C7-0860-4F2F-830A-D5A0410F5786}.Release|Any CPU.ActiveCfg = Release|Any CPU
		{C0C3E9C7-0860-4F2F-830A-D5A0410F5786}.Release|Any CPU.Build.0 = Release|Any CPU
	EndGlobalSection
	GlobalSection(SolutionProperties) = preSolution
		HideSolutionNode = FALSE
	EndGlobalSection
	GlobalSection(ExtensibilityGlobals) = postSolution
		SolutionGuid = {DC04204E-EC56-4214-BCD5-8EB2C2582DDD}
	EndGlobalSection
EndGlobal
